// !$*UTF8*$!
{
	archiveVersion = 1;
	classes = {
	};
	objectVersion = 50;
	objects = {

/* Begin PBXBuildFile section */
		84807DB025FB7A8900C8CB18 /* Tests_iOS.swift in Sources */ = {isa = PBXBuildFile; fileRef = 84807DAF25FB7A8900C8CB18 /* Tests_iOS.swift */; };
		84807DBB25FB7A8900C8CB18 /* Tests_macOS.swift in Sources */ = {isa = PBXBuildFile; fileRef = 84807DBA25FB7A8900C8CB18 /* Tests_macOS.swift */; };
		84807DBD25FB7A8900C8CB18 /* apple.xcdatamodeld in Sources */ = {isa = PBXBuildFile; fileRef = 84807D9125FB7A8500C8CB18 /* apple.xcdatamodeld */; };
		84807DBE25FB7A8900C8CB18 /* apple.xcdatamodeld in Sources */ = {isa = PBXBuildFile; fileRef = 84807D9125FB7A8500C8CB18 /* apple.xcdatamodeld */; };
		84807DC025FB7A8900C8CB18 /* appleApp.swift in Sources */ = {isa = PBXBuildFile; fileRef = 84807D9325FB7A8500C8CB18 /* appleApp.swift */; };
		84807DC125FB7A8900C8CB18 /* ContentView.swift in Sources */ = {isa = PBXBuildFile; fileRef = 84807D9425FB7A8500C8CB18 /* ContentView.swift */; };
		84807DC225FB7A8900C8CB18 /* ContentView.swift in Sources */ = {isa = PBXBuildFile; fileRef = 84807D9425FB7A8500C8CB18 /* ContentView.swift */; };
		84807DC325FB7A8900C8CB18 /* Persistence.swift in Sources */ = {isa = PBXBuildFile; fileRef = 84807D9525FB7A8500C8CB18 /* Persistence.swift */; };
		84807DC425FB7A8900C8CB18 /* Persistence.swift in Sources */ = {isa = PBXBuildFile; fileRef = 84807D9525FB7A8500C8CB18 /* Persistence.swift */; };
		84807DC525FB7A8900C8CB18 /* Assets.xcassets in Resources */ = {isa = PBXBuildFile; fileRef = 84807D9625FB7A8900C8CB18 /* Assets.xcassets */; };
		84807DC625FB7A8900C8CB18 /* Assets.xcassets in Resources */ = {isa = PBXBuildFile; fileRef = 84807D9625FB7A8900C8CB18 /* Assets.xcassets */; };
/* End PBXBuildFile section */

/* Begin PBXContainerItemProxy section */
		84807DAC25FB7A8900C8CB18 /* PBXContainerItemProxy */ = {
			isa = PBXContainerItemProxy;
			containerPortal = 84807D8C25FB7A8500C8CB18 /* Project object */;
			proxyType = 1;
			remoteGlobalIDString = 84807D9A25FB7A8900C8CB18;
			remoteInfo = "apple (iOS)";
		};
		84807DB725FB7A8900C8CB18 /* PBXContainerItemProxy */ = {
			isa = PBXContainerItemProxy;
			containerPortal = 84807D8C25FB7A8500C8CB18 /* Project object */;
			proxyType = 1;
			remoteGlobalIDString = 84807DA225FB7A8900C8CB18;
			remoteInfo = "apple (macOS)";
		};
/* End PBXContainerItemProxy section */

/* Begin PBXFileReference section */
		84807D9225FB7A8500C8CB18 /* Shared.xcdatamodel */ = {isa = PBXFileReference; lastKnownFileType = wrapper.xcdatamodel; path = Shared.xcdatamodel; sourceTree = "<group>"; };
		84807D9325FB7A8500C8CB18 /* appleApp.swift */ = {isa = PBXFileReference; lastKnownFileType = sourcecode.swift; path = appleApp.swift; sourceTree = "<group>"; };
		84807D9425FB7A8500C8CB18 /* ContentView.swift */ = {isa = PBXFileReference; lastKnownFileType = sourcecode.swift; path = ContentView.swift; sourceTree = "<group>"; };
		84807D9525FB7A8500C8CB18 /* Persistence.swift */ = {isa = PBXFileReference; lastKnownFileType = sourcecode.swift; path = Persistence.swift; sourceTree = "<group>"; };
		84807D9625FB7A8900C8CB18 /* Assets.xcassets */ = {isa = PBXFileReference; lastKnownFileType = folder.assetcatalog; path = Assets.xcassets; sourceTree = "<group>"; };
		84807D9B25FB7A8900C8CB18 /* apple.app */ = {isa = PBXFileReference; explicitFileType = wrapper.application; includeInIndex = 0; path = apple.app; sourceTree = BUILT_PRODUCTS_DIR; };
		84807D9E25FB7A8900C8CB18 /* Info.plist */ = {isa = PBXFileReference; lastKnownFileType = text.plist.xml; path = Info.plist; sourceTree = "<group>"; };
		84807DA325FB7A8900C8CB18 /* apple.app */ = {isa = PBXFileReference; explicitFileType = wrapper.application; includeInIndex = 0; path = apple.app; sourceTree = BUILT_PRODUCTS_DIR; };
		84807DA525FB7A8900C8CB18 /* Info.plist */ = {isa = PBXFileReference; lastKnownFileType = text.plist.xml; path = Info.plist; sourceTree = "<group>"; };
		84807DA625FB7A8900C8CB18 /* macOS.entitlements */ = {isa = PBXFileReference; lastKnownFileType = text.plist.entitlements; path = macOS.entitlements; sourceTree = "<group>"; };
		84807DAB25FB7A8900C8CB18 /* Tests iOS.xctest */ = {isa = PBXFileReference; explicitFileType = wrapper.cfbundle; includeInIndex = 0; path = "Tests iOS.xctest"; sourceTree = BUILT_PRODUCTS_DIR; };
		84807DAF25FB7A8900C8CB18 /* Tests_iOS.swift */ = {isa = PBXFileReference; lastKnownFileType = sourcecode.swift; path = Tests_iOS.swift; sourceTree = "<group>"; };
		84807DB125FB7A8900C8CB18 /* Info.plist */ = {isa = PBXFileReference; lastKnownFileType = text.plist.xml; path = Info.plist; sourceTree = "<group>"; };
		84807DB625FB7A8900C8CB18 /* Tests macOS.xctest */ = {isa = PBXFileReference; explicitFileType = wrapper.cfbundle; includeInIndex = 0; path = "Tests macOS.xctest"; sourceTree = BUILT_PRODUCTS_DIR; };
		84807DBA25FB7A8900C8CB18 /* Tests_macOS.swift */ = {isa = PBXFileReference; lastKnownFileType = sourcecode.swift; path = Tests_macOS.swift; sourceTree = "<group>"; };
		84807DBC25FB7A8900C8CB18 /* Info.plist */ = {isa = PBXFileReference; lastKnownFileType = text.plist.xml; path = Info.plist; sourceTree = "<group>"; };
/* End PBXFileReference section */

/* Begin PBXFrameworksBuildPhase section */
		84807D9825FB7A8900C8CB18 /* Frameworks */ = {
			isa = PBXFrameworksBuildPhase;
			buildActionMask = 2147483647;
			files = (
			);
			runOnlyForDeploymentPostprocessing = 0;
		};
		84807DA025FB7A8900C8CB18 /* Frameworks */ = {
			isa = PBXFrameworksBuildPhase;
			buildActionMask = 2147483647;
			files = (
			);
			runOnlyForDeploymentPostprocessing = 0;
		};
		84807DA825FB7A8900C8CB18 /* Frameworks */ = {
			isa = PBXFrameworksBuildPhase;
			buildActionMask = 2147483647;
			files = (
			);
			runOnlyForDeploymentPostprocessing = 0;
		};
		84807DB325FB7A8900C8CB18 /* Frameworks */ = {
			isa = PBXFrameworksBuildPhase;
			buildActionMask = 2147483647;
			files = (
			);
			runOnlyForDeploymentPostprocessing = 0;
		};
/* End PBXFrameworksBuildPhase section */

/* Begin PBXGroup section */
		84807D8B25FB7A8500C8CB18 = {
			isa = PBXGroup;
			children = (
				84807D9025FB7A8500C8CB18 /* Shared */,
				84807D9D25FB7A8900C8CB18 /* iOS */,
				84807DA425FB7A8900C8CB18 /* macOS */,
				84807DAE25FB7A8900C8CB18 /* Tests iOS */,
				84807DB925FB7A8900C8CB18 /* Tests macOS */,
				84807D9C25FB7A8900C8CB18 /* Products */,
			);
			sourceTree = "<group>";
		};
		84807D9025FB7A8500C8CB18 /* Shared */ = {
			isa = PBXGroup;
			children = (
				84807D9325FB7A8500C8CB18 /* appleApp.swift */,
				84807D9425FB7A8500C8CB18 /* ContentView.swift */,
				84807D9525FB7A8500C8CB18 /* Persistence.swift */,
				84807D9625FB7A8900C8CB18 /* Assets.xcassets */,
				84807D9125FB7A8500C8CB18 /* apple.xcdatamodeld */,
			);
			path = Shared;
			sourceTree = "<group>";
		};
		84807D9C25FB7A8900C8CB18 /* Products */ = {
			isa = PBXGroup;
			children = (
				84807D9B25FB7A8900C8CB18 /* apple.app */,
				84807DA325FB7A8900C8CB18 /* apple.app */,
				84807DAB25FB7A8900C8CB18 /* Tests iOS.xctest */,
				84807DB625FB7A8900C8CB18 /* Tests macOS.xctest */,
			);
			name = Products;
			sourceTree = "<group>";
		};
		84807D9D25FB7A8900C8CB18 /* iOS */ = {
			isa = PBXGroup;
			children = (
				84807D9E25FB7A8900C8CB18 /* Info.plist */,
			);
			path = iOS;
			sourceTree = "<group>";
		};
		84807DA425FB7A8900C8CB18 /* macOS */ = {
			isa = PBXGroup;
			children = (
				84807DA525FB7A8900C8CB18 /* Info.plist */,
				84807DA625FB7A8900C8CB18 /* macOS.entitlements */,
			);
			path = macOS;
			sourceTree = "<group>";
		};
		84807DAE25FB7A8900C8CB18 /* Tests iOS */ = {
			isa = PBXGroup;
			children = (
				84807DAF25FB7A8900C8CB18 /* Tests_iOS.swift */,
				84807DB125FB7A8900C8CB18 /* Info.plist */,
			);
			path = "Tests iOS";
			sourceTree = "<group>";
		};
		84807DB925FB7A8900C8CB18 /* Tests macOS */ = {
			isa = PBXGroup;
			children = (
				84807DBA25FB7A8900C8CB18 /* Tests_macOS.swift */,
				84807DBC25FB7A8900C8CB18 /* Info.plist */,
			);
			path = "Tests macOS";
			sourceTree = "<group>";
		};
/* End PBXGroup section */

/* Begin PBXNativeTarget section */
		84807D9A25FB7A8900C8CB18 /* apple (iOS) */ = {
			isa = PBXNativeTarget;
			buildConfigurationList = 84807DC925FB7A8900C8CB18 /* Build configuration list for PBXNativeTarget "apple (iOS)" */;
			buildPhases = (
				84807D9725FB7A8900C8CB18 /* Sources */,
				84807D9825FB7A8900C8CB18 /* Frameworks */,
				84807D9925FB7A8900C8CB18 /* Resources */,
			);
			buildRules = (
			);
			dependencies = (
			);
			name = "apple (iOS)";
			productName = "apple (iOS)";
			productReference = 84807D9B25FB7A8900C8CB18 /* apple.app */;
			productType = "com.apple.product-type.application";
		};
		84807DA225FB7A8900C8CB18 /* apple (macOS) */ = {
			isa = PBXNativeTarget;
			buildConfigurationList = 84807DCC25FB7A8900C8CB18 /* Build configuration list for PBXNativeTarget "apple (macOS)" */;
			buildPhases = (
				84807D9F25FB7A8900C8CB18 /* Sources */,
				84807DA025FB7A8900C8CB18 /* Frameworks */,
				84807DA125FB7A8900C8CB18 /* Resources */,
			);
			buildRules = (
			);
			dependencies = (
			);
			name = "apple (macOS)";
			productName = "apple (macOS)";
			productReference = 84807DA325FB7A8900C8CB18 /* apple.app */;
			productType = "com.apple.product-type.application";
		};
		84807DAA25FB7A8900C8CB18 /* Tests iOS */ = {
			isa = PBXNativeTarget;
			buildConfigurationList = 84807DCF25FB7A8900C8CB18 /* Build configuration list for PBXNativeTarget "Tests iOS" */;
			buildPhases = (
				84807DA725FB7A8900C8CB18 /* Sources */,
				84807DA825FB7A8900C8CB18 /* Frameworks */,
				84807DA925FB7A8900C8CB18 /* Resources */,
			);
			buildRules = (
			);
			dependencies = (
				84807DAD25FB7A8900C8CB18 /* PBXTargetDependency */,
			);
			name = "Tests iOS";
			productName = "Tests iOS";
			productReference = 84807DAB25FB7A8900C8CB18 /* Tests iOS.xctest */;
			productType = "com.apple.product-type.bundle.ui-testing";
		};
		84807DB525FB7A8900C8CB18 /* Tests macOS */ = {
			isa = PBXNativeTarget;
			buildConfigurationList = 84807DD225FB7A8900C8CB18 /* Build configuration list for PBXNativeTarget "Tests macOS" */;
			buildPhases = (
				84807DB225FB7A8900C8CB18 /* Sources */,
				84807DB325FB7A8900C8CB18 /* Frameworks */,
				84807DB425FB7A8900C8CB18 /* Resources */,
			);
			buildRules = (
			);
			dependencies = (
				84807DB825FB7A8900C8CB18 /* PBXTargetDependency */,
			);
			name = "Tests macOS";
			productName = "Tests macOS";
			productReference = 84807DB625FB7A8900C8CB18 /* Tests macOS.xctest */;
			productType = "com.apple.product-type.bundle.ui-testing";
		};
/* End PBXNativeTarget section */

/* Begin PBXProject section */
		84807D8C25FB7A8500C8CB18 /* Project object */ = {
			isa = PBXProject;
			attributes = {
				LastSwiftUpdateCheck = 1240;
				LastUpgradeCheck = 1240;
				TargetAttributes = {
					84807D9A25FB7A8900C8CB18 = {
						CreatedOnToolsVersion = 12.4;
					};
					84807DA225FB7A8900C8CB18 = {
						CreatedOnToolsVersion = 12.4;
					};
					84807DAA25FB7A8900C8CB18 = {
						CreatedOnToolsVersion = 12.4;
						TestTargetID = 84807D9A25FB7A8900C8CB18;
					};
					84807DB525FB7A8900C8CB18 = {
						CreatedOnToolsVersion = 12.4;
						TestTargetID = 84807DA225FB7A8900C8CB18;
					};
				};
			};
			buildConfigurationList = 84807D8F25FB7A8500C8CB18 /* Build configuration list for PBXProject "apple" */;
			compatibilityVersion = "Xcode 9.3";
			developmentRegion = en;
			hasScannedForEncodings = 0;
			knownRegions = (
				en,
				Base,
			);
			mainGroup = 84807D8B25FB7A8500C8CB18;
			productRefGroup = 84807D9C25FB7A8900C8CB18 /* Products */;
			projectDirPath = "";
			projectRoot = "";
			targets = (
				84807D9A25FB7A8900C8CB18 /* apple (iOS) */,
				84807DA225FB7A8900C8CB18 /* apple (macOS) */,
				84807DAA25FB7A8900C8CB18 /* Tests iOS */,
				84807DB525FB7A8900C8CB18 /* Tests macOS */,
			);
		};
/* End PBXProject section */

/* Begin PBXResourcesBuildPhase section */
		84807D9925FB7A8900C8CB18 /* Resources */ = {
			isa = PBXResourcesBuildPhase;
			buildActionMask = 2147483647;
			files = (
				84807DC525FB7A8900C8CB18 /* Assets.xcassets in Resources */,
			);
			runOnlyForDeploymentPostprocessing = 0;
		};
		84807DA125FB7A8900C8CB18 /* Resources */ = {
			isa = PBXResourcesBuildPhase;
			buildActionMask = 2147483647;
			files = (
				84807DC625FB7A8900C8CB18 /* Assets.xcassets in Resources */,
			);
			runOnlyForDeploymentPostprocessing = 0;
		};
		84807DA925FB7A8900C8CB18 /* Resources */ = {
			isa = PBXResourcesBuildPhase;
			buildActionMask = 2147483647;
			files = (
			);
			runOnlyForDeploymentPostprocessing = 0;
		};
		84807DB425FB7A8900C8CB18 /* Resources */ = {
			isa = PBXResourcesBuildPhase;
			buildActionMask = 2147483647;
			files = (
			);
			runOnlyForDeploymentPostprocessing = 0;
		};
/* End PBXResourcesBuildPhase section */

/* Begin PBXSourcesBuildPhase section */
		84807D9725FB7A8900C8CB18 /* Sources */ = {
			isa = PBXSourcesBuildPhase;
			buildActionMask = 2147483647;
			files = (
				84807DBF25FB7A8900C8CB18 /* appleApp.swift in Sources */,
				84807DC325FB7A8900C8CB18 /* Persistence.swift in Sources */,
				84807DBD25FB7A8900C8CB18 /* apple.xcdatamodeld in Sources */,
				84807DC125FB7A8900C8CB18 /* ContentView.swift in Sources */,
			);
			runOnlyForDeploymentPostprocessing = 0;
		};
		84807D9F25FB7A8900C8CB18 /* Sources */ = {
			isa = PBXSourcesBuildPhase;
			buildActionMask = 2147483647;
			files = (
				84807DC025FB7A8900C8CB18 /* appleApp.swift in Sources */,
				84807DC425FB7A8900C8CB18 /* Persistence.swift in Sources */,
				84807DBE25FB7A8900C8CB18 /* apple.xcdatamodeld in Sources */,
				84807DC225FB7A8900C8CB18 /* ContentView.swift in Sources */,
			);
			runOnlyForDeploymentPostprocessing = 0;
		};
		84807DA725FB7A8900C8CB18 /* Sources */ = {
			isa = PBXSourcesBuildPhase;
			buildActionMask = 2147483647;
			files = (
				84807DB025FB7A8900C8CB18 /* Tests_iOS.swift in Sources */,
			);
			runOnlyForDeploymentPostprocessing = 0;
		};
		84807DB225FB7A8900C8CB18 /* Sources */ = {
			isa = PBXSourcesBuildPhase;
			buildActionMask = 2147483647;
			files = (
				84807DBB25FB7A8900C8CB18 /* Tests_macOS.swift in Sources */,
			);
			runOnlyForDeploymentPostprocessing = 0;
		};
/* End PBXSourcesBuildPhase section */

/* Begin PBXTargetDependency section */
		84807DAD25FB7A8900C8CB18 /* PBXTargetDependency */ = {
			isa = PBXTargetDependency;
			target = 84807D9A25FB7A8900C8CB18 /* apple (iOS) */;
			targetProxy = 84807DAC25FB7A8900C8CB18 /* PBXContainerItemProxy */;
		};
		84807DB825FB7A8900C8CB18 /* PBXTargetDependency */ = {
			isa = PBXTargetDependency;
			target = 84807DA225FB7A8900C8CB18 /* apple (macOS) */;
			targetProxy = 84807DB725FB7A8900C8CB18 /* PBXContainerItemProxy */;
		};
/* End PBXTargetDependency section */

/* Begin XCBuildConfiguration section */
		84807DC725FB7A8900C8CB18 /* Debug */ = {
			isa = XCBuildConfiguration;
			buildSettings = {
				ALWAYS_SEARCH_USER_PATHS = NO;
				CLANG_ANALYZER_NONNULL = YES;
				CLANG_ANALYZER_NUMBER_OBJECT_CONVERSION = YES_AGGRESSIVE;
				CLANG_CXX_LANGUAGE_STANDARD = "gnu++14";
				CLANG_CXX_LIBRARY = "libc++";
				CLANG_ENABLE_MODULES = YES;
				CLANG_ENABLE_OBJC_ARC = YES;
				CLANG_ENABLE_OBJC_WEAK = YES;
				CLANG_WARN_BLOCK_CAPTURE_AUTORELEASING = YES;
				CLANG_WARN_BOOL_CONVERSION = YES;
				CLANG_WARN_COMMA = YES;
				CLANG_WARN_CONSTANT_CONVERSION = YES;
				CLANG_WARN_DEPRECATED_OBJC_IMPLEMENTATIONS = YES;
				CLANG_WARN_DIRECT_OBJC_ISA_USAGE = YES_ERROR;
				CLANG_WARN_DOCUMENTATION_COMMENTS = YES;
				CLANG_WARN_EMPTY_BODY = YES;
				CLANG_WARN_ENUM_CONVERSION = YES;
				CLANG_WARN_INFINITE_RECURSION = YES;
				CLANG_WARN_INT_CONVERSION = YES;
				CLANG_WARN_NON_LITERAL_NULL_CONVERSION = YES;
				CLANG_WARN_OBJC_IMPLICIT_RETAIN_SELF = YES;
				CLANG_WARN_OBJC_LITERAL_CONVERSION = YES;
				CLANG_WARN_OBJC_ROOT_CLASS = YES_ERROR;
				CLANG_WARN_QUOTED_INCLUDE_IN_FRAMEWORK_HEADER = YES;
				CLANG_WARN_RANGE_LOOP_ANALYSIS = YES;
				CLANG_WARN_STRICT_PROTOTYPES = YES;
				CLANG_WARN_SUSPICIOUS_MOVE = YES;
				CLANG_WARN_UNGUARDED_AVAILABILITY = YES_AGGRESSIVE;
				CLANG_WARN_UNREACHABLE_CODE = YES;
				CLANG_WARN__DUPLICATE_METHOD_MATCH = YES;
				COPY_PHASE_STRIP = NO;
				DEBUG_INFORMATION_FORMAT = dwarf;
				ENABLE_STRICT_OBJC_MSGSEND = YES;
				ENABLE_TESTABILITY = YES;
				GCC_C_LANGUAGE_STANDARD = gnu11;
				GCC_DYNAMIC_NO_PIC = NO;
				GCC_NO_COMMON_BLOCKS = YES;
				GCC_OPTIMIZATION_LEVEL = 0;
				GCC_PREPROCESSOR_DEFINITIONS = (
					"DEBUG=1",
					"$(inherited)",
				);
				GCC_WARN_64_TO_32_BIT_CONVERSION = YES;
				GCC_WARN_ABOUT_RETURN_TYPE = YES_ERROR;
				GCC_WARN_UNDECLARED_SELECTOR = YES;
				GCC_WARN_UNINITIALIZED_AUTOS = YES_AGGRESSIVE;
				GCC_WARN_UNUSED_FUNCTION = YES;
				GCC_WARN_UNUSED_VARIABLE = YES;
				MTL_ENABLE_DEBUG_INFO = INCLUDE_SOURCE;
				MTL_FAST_MATH = YES;
				ONLY_ACTIVE_ARCH = YES;
				SWIFT_ACTIVE_COMPILATION_CONDITIONS = DEBUG;
				SWIFT_OPTIMIZATION_LEVEL = "-Onone";
			};
			name = Debug;
		};
		84807DC825FB7A8900C8CB18 /* Release */ = {
			isa = XCBuildConfiguration;
			buildSettings = {
				ALWAYS_SEARCH_USER_PATHS = NO;
				CLANG_ANALYZER_NONNULL = YES;
				CLANG_ANALYZER_NUMBER_OBJECT_CONVERSION = YES_AGGRESSIVE;
				CLANG_CXX_LANGUAGE_STANDARD = "gnu++14";
				CLANG_CXX_LIBRARY = "libc++";
				CLANG_ENABLE_MODULES = YES;
				CLANG_ENABLE_OBJC_ARC = YES;
				CLANG_ENABLE_OBJC_WEAK = YES;
				CLANG_WARN_BLOCK_CAPTURE_AUTORELEASING = YES;
				CLANG_WARN_BOOL_CONVERSION = YES;
				CLANG_WARN_COMMA = YES;
				CLANG_WARN_CONSTANT_CONVERSION = YES;
				CLANG_WARN_DEPRECATED_OBJC_IMPLEMENTATIONS = YES;
				CLANG_WARN_DIRECT_OBJC_ISA_USAGE = YES_ERROR;
				CLANG_WARN_DOCUMENTATION_COMMENTS = YES;
				CLANG_WARN_EMPTY_BODY = YES;
				CLANG_WARN_ENUM_CONVERSION = YES;
				CLANG_WARN_INFINITE_RECURSION = YES;
				CLANG_WARN_INT_CONVERSION = YES;
				CLANG_WARN_NON_LITERAL_NULL_CONVERSION = YES;
				CLANG_WARN_OBJC_IMPLICIT_RETAIN_SELF = YES;
				CLANG_WARN_OBJC_LITERAL_CONVERSION = YES;
				CLANG_WARN_OBJC_ROOT_CLASS = YES_ERROR;
				CLANG_WARN_QUOTED_INCLUDE_IN_FRAMEWORK_HEADER = YES;
				CLANG_WARN_RANGE_LOOP_ANALYSIS = YES;
				CLANG_WARN_STRICT_PROTOTYPES = YES;
				CLANG_WARN_SUSPICIOUS_MOVE = YES;
				CLANG_WARN_UNGUARDED_AVAILABILITY = YES_AGGRESSIVE;
				CLANG_WARN_UNREACHABLE_CODE = YES;
				CLANG_WARN__DUPLICATE_METHOD_MATCH = YES;
				COPY_PHASE_STRIP = NO;
				DEBUG_INFORMATION_FORMAT = "dwarf-with-dsym";
				ENABLE_NS_ASSERTIONS = NO;
				ENABLE_STRICT_OBJC_MSGSEND = YES;
				GCC_C_LANGUAGE_STANDARD = gnu11;
				GCC_NO_COMMON_BLOCKS = YES;
				GCC_WARN_64_TO_32_BIT_CONVERSION = YES;
				GCC_WARN_ABOUT_RETURN_TYPE = YES_ERROR;
				GCC_WARN_UNDECLARED_SELECTOR = YES;
				GCC_WARN_UNINITIALIZED_AUTOS = YES_AGGRESSIVE;
				GCC_WARN_UNUSED_FUNCTION = YES;
				GCC_WARN_UNUSED_VARIABLE = YES;
				MTL_ENABLE_DEBUG_INFO = NO;
				MTL_FAST_MATH = YES;
				SWIFT_COMPILATION_MODE = wholemodule;
				SWIFT_OPTIMIZATION_LEVEL = "-O";
			};
			name = Release;
		};
		84807DCA25FB7A8900C8CB18 /* Debug */ = {
			isa = XCBuildConfiguration;
			buildSettings = {
				ASSETCATALOG_COMPILER_APPICON_NAME = AppIcon;
				ASSETCATALOG_COMPILER_GLOBAL_ACCENT_COLOR_NAME = AccentColor;
				CODE_SIGN_STYLE = Automatic;
				ENABLE_PREVIEWS = YES;
				INFOPLIST_FILE = iOS/Info.plist;
				IPHONEOS_DEPLOYMENT_TARGET = 14.0;
				LD_RUNPATH_SEARCH_PATHS = (
					"$(inherited)",
					"@executable_path/Frameworks",
				);
				PRODUCT_BUNDLE_IDENTIFIER = UG.apple;
				PRODUCT_NAME = apple;
				SDKROOT = iphoneos;
				SWIFT_VERSION = 5.0;
				TARGETED_DEVICE_FAMILY = "1,2";
			};
			name = Debug;
		};
		84807DCB25FB7A8900C8CB18 /* Release */ = {
			isa = XCBuildConfiguration;
			buildSettings = {
				ASSETCATALOG_COMPILER_APPICON_NAME = AppIcon;
				ASSETCATALOG_COMPILER_GLOBAL_ACCENT_COLOR_NAME = AccentColor;
				CODE_SIGN_STYLE = Automatic;
				ENABLE_PREVIEWS = YES;
				INFOPLIST_FILE = iOS/Info.plist;
				IPHONEOS_DEPLOYMENT_TARGET = 14.0;
				LD_RUNPATH_SEARCH_PATHS = (
					"$(inherited)",
					"@executable_path/Frameworks",
				);
				PRODUCT_BUNDLE_IDENTIFIER = UG.apple;
				PRODUCT_NAME = apple;
				SDKROOT = iphoneos;
				SWIFT_VERSION = 5.0;
				TARGETED_DEVICE_FAMILY = "1,2";
				VALIDATE_PRODUCT = YES;
			};
			name = Release;
		};
		84807DCD25FB7A8900C8CB18 /* Debug */ = {
			isa = XCBuildConfiguration;
			buildSettings = {
				ASSETCATALOG_COMPILER_APPICON_NAME = AppIcon;
				ASSETCATALOG_COMPILER_GLOBAL_ACCENT_COLOR_NAME = AccentColor;
				CODE_SIGN_ENTITLEMENTS = macOS/macOS.entitlements;
				CODE_SIGN_STYLE = Automatic;
				COMBINE_HIDPI_IMAGES = YES;
				ENABLE_PREVIEWS = YES;
				INFOPLIST_FILE = macOS/Info.plist;
				LD_RUNPATH_SEARCH_PATHS = (
					"$(inherited)",
					"@executable_path/../Frameworks",
				);
				MACOSX_DEPLOYMENT_TARGET = 11.0;
				PRODUCT_BUNDLE_IDENTIFIER = UG.apple;
				PRODUCT_NAME = apple;
				SDKROOT = macosx;
				SWIFT_VERSION = 5.0;
			};
			name = Debug;
		};
		84807DCE25FB7A8900C8CB18 /* Release */ = {
			isa = XCBuildConfiguration;
			buildSettings = {
				ASSETCATALOG_COMPILER_APPICON_NAME = AppIcon;
				ASSETCATALOG_COMPILER_GLOBAL_ACCENT_COLOR_NAME = AccentColor;
				CODE_SIGN_ENTITLEMENTS = macOS/macOS.entitlements;
				CODE_SIGN_STYLE = Automatic;
				COMBINE_HIDPI_IMAGES = YES;
				ENABLE_PREVIEWS = YES;
				INFOPLIST_FILE = macOS/Info.plist;
				LD_RUNPATH_SEARCH_PATHS = (
					"$(inherited)",
					"@executable_path/../Frameworks",
				);
				MACOSX_DEPLOYMENT_TARGET = 11.0;
				PRODUCT_BUNDLE_IDENTIFIER = UG.apple;
				PRODUCT_NAME = apple;
				SDKROOT = macosx;
				SWIFT_VERSION = 5.0;
			};
			name = Release;
		};
		84807DD025FB7A8900C8CB18 /* Debug */ = {
			isa = XCBuildConfiguration;
			buildSettings = {
				ALWAYS_EMBED_SWIFT_STANDARD_LIBRARIES = YES;
				CODE_SIGN_STYLE = Automatic;
				INFOPLIST_FILE = "Tests iOS/Info.plist";
				IPHONEOS_DEPLOYMENT_TARGET = 14.4;
				LD_RUNPATH_SEARCH_PATHS = (
					"$(inherited)",
					"@executable_path/Frameworks",
					"@loader_path/Frameworks",
				);
				PRODUCT_BUNDLE_IDENTIFIER = "UG.Tests-iOS";
				PRODUCT_NAME = "$(TARGET_NAME)";
				SDKROOT = iphoneos;
				SWIFT_VERSION = 5.0;
				TARGETED_DEVICE_FAMILY = "1,2";
				TEST_TARGET_NAME = "apple (iOS)";
			};
			name = Debug;
		};
		84807DD125FB7A8900C8CB18 /* Release */ = {
			isa = XCBuildConfiguration;
			buildSettings = {
				ALWAYS_EMBED_SWIFT_STANDARD_LIBRARIES = YES;
				CODE_SIGN_STYLE = Automatic;
				INFOPLIST_FILE = "Tests iOS/Info.plist";
				IPHONEOS_DEPLOYMENT_TARGET = 14.4;
				LD_RUNPATH_SEARCH_PATHS = (
					"$(inherited)",
					"@executable_path/Frameworks",
					"@loader_path/Frameworks",
				);
				PRODUCT_BUNDLE_IDENTIFIER = "UG.Tests-iOS";
				PRODUCT_NAME = "$(TARGET_NAME)";
				SDKROOT = iphoneos;
				SWIFT_VERSION = 5.0;
				TARGETED_DEVICE_FAMILY = "1,2";
				TEST_TARGET_NAME = "apple (iOS)";
				VALIDATE_PRODUCT = YES;
			};
			name = Release;
		};
		84807DD325FB7A8900C8CB18 /* Debug */ = {
			isa = XCBuildConfiguration;
			buildSettings = {
				ALWAYS_EMBED_SWIFT_STANDARD_LIBRARIES = YES;
				CODE_SIGN_STYLE = Automatic;
				COMBINE_HIDPI_IMAGES = YES;
				INFOPLIST_FILE = "Tests macOS/Info.plist";
				LD_RUNPATH_SEARCH_PATHS = (
					"$(inherited)",
					"@executable_path/../Frameworks",
					"@loader_path/../Frameworks",
				);
				MACOSX_DEPLOYMENT_TARGET = 11.1;
				PRODUCT_BUNDLE_IDENTIFIER = "UG.Tests-macOS";
				PRODUCT_NAME = "$(TARGET_NAME)";
				SDKROOT = macosx;
				SWIFT_VERSION = 5.0;
				TEST_TARGET_NAME = "apple (macOS)";
			};
			name = Debug;
		};
		84807DD425FB7A8900C8CB18 /* Release */ = {
			isa = XCBuildConfiguration;
			buildSettings = {
				ALWAYS_EMBED_SWIFT_STANDARD_LIBRARIES = YES;
				CODE_SIGN_STYLE = Automatic;
				COMBINE_HIDPI_IMAGES = YES;
				INFOPLIST_FILE = "Tests macOS/Info.plist";
				LD_RUNPATH_SEARCH_PATHS = (
					"$(inherited)",
					"@executable_path/../Frameworks",
					"@loader_path/../Frameworks",
				);
				MACOSX_DEPLOYMENT_TARGET = 11.1;
				PRODUCT_BUNDLE_IDENTIFIER = "UG.Tests-macOS";
				PRODUCT_NAME = "$(TARGET_NAME)";
				SDKROOT = macosx;
				SWIFT_VERSION = 5.0;
				TEST_TARGET_NAME = "apple (macOS)";
			};
			name = Release;
		};
/* End XCBuildConfiguration section */

/* Begin XCConfigurationList section */
		84807D8F25FB7A8500C8CB18 /* Build configuration list for PBXProject "apple" */ = {
			isa = XCConfigurationList;
			buildConfigurations = (
				84807DC725FB7A8900C8CB18 /* Debug */,
				84807DC825FB7A8900C8CB18 /* Release */,
			);
			defaultConfigurationIsVisible = 0;
			defaultConfigurationName = Release;
		};
		84807DC925FB7A8900C8CB18 /* Build configuration list for PBXNativeTarget "apple (iOS)" */ = {
			isa = XCConfigurationList;
			buildConfigurations = (
				84807DCA25FB7A8900C8CB18 /* Debug */,
				84807DCB25FB7A8900C8CB18 /* Release */,
			);
			defaultConfigurationIsVisible = 0;
			defaultConfigurationName = Release;
		};
		84807DCC25FB7A8900C8CB18 /* Build configuration list for PBXNativeTarget "apple (macOS)" */ = {
			isa = XCConfigurationList;
			buildConfigurations = (
				84807DCD25FB7A8900C8CB18 /* Debug */,
				84807DCE25FB7A8900C8CB18 /* Release */,
			);
			defaultConfigurationIsVisible = 0;
			defaultConfigurationName = Release;
		};
		84807DCF25FB7A8900C8CB18 /* Build configuration list for PBXNativeTarget "Tests iOS" */ = {
			isa = XCConfigurationList;
			buildConfigurations = (
				84807DD025FB7A8900C8CB18 /* Debug */,
				84807DD125FB7A8900C8CB18 /* Release */,
			);
			defaultConfigurationIsVisible = 0;
			defaultConfigurationName = Release;
		};
		84807DD225FB7A8900C8CB18 /* Build configuration list for PBXNativeTarget "Tests macOS" */ = {
			isa = XCConfigurationList;
			buildConfigurations = (
				84807DD325FB7A8900C8CB18 /* Debug */,
				84807DD425FB7A8900C8CB18 /* Release */,
			);
			defaultConfigurationIsVisible = 0;
			defaultConfigurationName = Release;
		};
/* End XCConfigurationList section */

/* Begin XCVersionGroup section */
		84807D9125FB7A8500C8CB18 /* apple.xcdatamodeld */ = {
			isa = XCVersionGroup;
			children = (
				84807D9225FB7A8500C8CB18 /* Shared.xcdatamodel */,
			);
			currentVersion = 84807D9225FB7A8500C8CB18 /* Shared.xcdatamodel */;
			path = apple.xcdatamodeld;
			sourceTree = "<group>";
			versionGroupType = wrapper.xcdatamodel;
		};
/* End XCVersionGroup section */
	};
	rootObject = 84807D8C25FB7A8500C8CB18 /* Project object */;
}
