# THIS IS AN AUTOGENERATED FILE. DO NOT EDIT THIS FILE DIRECTLY.
# yarn lockfile v1


axios@^0.21.1:
  version "0.21.1"
  resolved "https://registry.npm.taobao.org/axios/download/axios-0.21.1.tgz?cache=0&sync_timestamp=1608609215811&other_urls=https%3A%2F%2Fregistry.npm.taobao.org%2Faxios%2Fdownload%2Faxios-0.21.1.tgz#22563481962f4d6bde9a76d516ef0e5d3c09b2b8"
  integrity sha1-IlY0gZYvTWvemnbVFu8OXTwJsrg=
  dependencies:
    follow-redirects "^1.10.0"

echarts-amap@1.0.0-rc.6:
  version "1.0.0-rc.6"
  resolved "https://registry.npm.taobao.org/echarts-amap/download/echarts-amap-1.0.0-rc.6.tgz#5782a74daee52ed44ce3f8f62577561783f09e16"
  integrity sha1-V4KnTa7lLtRM4/j2JXdWF4PwnhY=

echarts-liquidfill@^2.0.2:
  version "2.0.6"
  resolved "https://registry.npm.taobao.org/echarts-liquidfill/download/echarts-liquidfill-2.0.6.tgz?cache=0&sync_timestamp=1610852942434&other_urls=https%3A%2F%2Fregistry.npm.taobao.org%2Fecharts-liquidfill%2Fdownload%2Fecharts-liquidfill-2.0.6.tgz#0668dc61d87a6262003090bd32c55aa8108c252e"
  integrity sha1-BmjcYdh6YmIAMJC9MsVaqBCMJS4=

echarts-wordcloud@^1.1.3:
  version "1.1.3"
  resolved "https://registry.npm.taobao.org/echarts-wordcloud/download/echarts-wordcloud-1.1.3.tgz?cache=0&sync_timestamp=1610777755404&other_urls=https%3A%2F%2Fregistry.npm.taobao.org%2Fecharts-wordcloud%2Fdownload%2Fecharts-wordcloud-1.1.3.tgz#07b140c8ba76b19c317b43c310f3d5dc99289ff2"
  integrity sha1-B7FAyLp2sZwxe0PDEPPV3Jkon/I=

follow-redirects@^1.10.0:
  version "1.13.2"
  resolved "https://registry.npm.taobao.org/follow-redirects/download/follow-redirects-1.13.2.tgz?cache=0&sync_timestamp=1611606737937&other_urls=https%3A%2F%2Fregistry.npm.taobao.org%2Ffollow-redirects%2Fdownload%2Ffollow-redirects-1.13.2.tgz#dd73c8effc12728ba5cf4259d760ea5fb83e3147"
  integrity sha1-3XPI7/wScoulz0JZ12DqX7g+MUc=

numerify@1.2.9:
  version "1.2.9"
  resolved "https://registry.npm.taobao.org/numerify/download/numerify-1.2.9.tgz#af4696bb1d57f8d3970a615d8b0cd53d932bd559"
  integrity sha1-r0aWux1X+NOXCmFdiwzVPZMr1Vk=

utils-lite@0.1.10:
  version "0.1.10"
  resolved "https://registry.npm.taobao.org/utils-lite/download/utils-lite-0.1.10.tgz#d2908c0482e23c31e6b082558540e7134ffad7d7"
  integrity sha1-0pCMBILiPDHmsIJVhUDnE0/619c=

v-charts@^1.19.0:
  version "1.19.0"
  resolved "https://registry.npm.taobao.org/v-charts/download/v-charts-1.19.0.tgz#07b701800b159bd514264ffc8bf12b0405142da3"
  integrity sha1-B7cBgAsVm9UUJk/8i/ErBAUULaM=
  dependencies:
    echarts-amap "1.0.0-rc.6"
    echarts-liquidfill "^2.0.2"
    echarts-wordcloud "^1.1.3"
    numerify "1.2.9"
    utils-lite "0.1.10"
