PODS:
  - Alamofire (5.4.1)
  - CocoaAsyncSocket (7.6.5)
  - SQLite.swift (0.12.2):
    - SQLite.swift/standard (= 0.12.2)
  - SQLite.swift/standard (0.12.2)
  - UGSwiftKit (1.0.1):
    - UGSwiftKit/UGKit (= 1.0.1)
  - UGSwiftKit/Appicon (1.0.1):
    - UGSwiftKit/UGKit
  - UGSwiftKit/UGKit (1.0.1)

DEPENDENCIES:
  - Alamofire
  - CocoaAsyncSocket
  - SQLite.swift
  - UGSwiftKit (from `./UGSwiftKit`)
  - UGSwiftKit/Appicon (from `./UGSwiftKit`)

SPEC REPOS:
  https://github.com/CocoaPods/Specs.git:
    - Alamofire
    - CocoaAsyncSocket
    - SQLite.swift

EXTERNAL SOURCES:
  UGSwiftKit:
    :path: "./UGSwiftKit"

SPEC CHECKSUMS:
  Alamofire: 2291f7d21ca607c491dd17642e5d40fdcda0e65c
  CocoaAsyncSocket: 065fd1e645c7abab64f7a6a2007a48038fdc6a99
  SQLite.swift: d2b4642190917051ce6bd1d49aab565fe794eea3
  UGSwiftKit: d27035b54572add406b979a89760ebf09e556a77

PODFILE CHECKSUM: b6ff3c714ed416b158a682a165f23c3cf809a4f6

COCOAPODS: 1.9.1
