PODS:
  - Alamofire (5.4.1)
  - Charts (3.6.0):
    - Charts/Core (= 3.6.0)
  - Charts/Core (3.6.0)
  - CocoaAsyncSocket (7.6.5)
  - PythonKit (1.0.1)
  - Socket.IO-Client-Swift (15.2.0):
    - Starscream (~> 3.1)
  - SQLite.swift (0.12.2):
    - SQLite.swift/standard (= 0.12.2)
  - SQLite.swift/standard (0.12.2)
  - Starscream (3.1.1)
  - UGSwiftKit (1.0.1):
    - UGSwiftKit/Base (= 1.0.1)
  - UGSwiftKit/Appicon (1.0.1):
    - UGSwiftKit/Base
  - UGSwiftKit/Base (1.0.1)
  - UGSwiftKit/UGAnalyse (1.0.1):
    - PythonKit
    - UGSwiftKit/Base

DEPENDENCIES:
  - Alamofire
  - Charts
  - CocoaAsyncSocket
  - PythonKit (from `/Users/admin/Documents/github/PythonKit`)
  - Socket.IO-Client-Swift
  - SQLite.swift
  - UGSwiftKit (from `./UGSwiftKit`)
  - UGSwiftKit/Appicon (from `./UGSwiftKit`)
  - UGSwiftKit/UGAnalyse (from `./UGSwiftKit`)

SPEC REPOS:
  https://mirrors.tuna.tsinghua.edu.cn/git/CocoaPods/Specs.git:
    - Alamofire
    - Charts
    - CocoaAsyncSocket
    - Socket.IO-Client-Swift
    - SQLite.swift
    - Starscream

EXTERNAL SOURCES:
  PythonKit:
    :path: "/Users/admin/Documents/github/PythonKit"
  UGSwiftKit:
    :path: "./UGSwiftKit"

SPEC CHECKSUMS:
  Alamofire: 2291f7d21ca607c491dd17642e5d40fdcda0e65c
  Charts: b1e3a1f5a1c9ba5394438ca3b91bd8c9076310af
  CocoaAsyncSocket: 065fd1e645c7abab64f7a6a2007a48038fdc6a99
  PythonKit: 80d7cc257e135961a0aa09d66198c6abdf8ebb19
  Socket.IO-Client-Swift: 1e3e3a1f09f3312a167f0d781eb2f383d477357c
  SQLite.swift: d2b4642190917051ce6bd1d49aab565fe794eea3
  Starscream: 4bb2f9942274833f7b4d296a55504dcfc7edb7b0
  UGSwiftKit: d0cd808d5687b5b3a7a0e49722227bb5144c8191

PODFILE CHECKSUM: 6c25f306417737bea09b238aba20e167dc0bcac1

COCOAPODS: 1.10.0
