{
  "object": {
    "pins": [
      {
        "package": "PerfectCRUD",
        "repositoryURL": "https://github.com/PerfectlySoft/Perfect-CRUD.git",
        "state": {
          "branch": null,
          "revision": "71c445eaaa94e5ce634aa11a6a1aa6544e786307",
          "version": "2.0.0"
        }
      },
      {
        "package": "PerfectSQLite",
        "repositoryURL": "https://github.com/PerfectlySoft/Perfect-SQLite.git",
        "state": {
          "branch": "master",
          "revision": "43c0e16cfce1dada7914d8334e43ffa887e66f8e",
          "version": null
        }
      },
      {
        "package": "PythonKit",
        "repositoryURL": "https://github.com/ubunfork/PythonKit.git",
        "state": {
          "branch": "master",
          "revision": "24399d8600d7ed7337e02512c10a8c3e8da7438b",
          "version": null
        }
      }
    ]
  },
  "version": 1
}
